// !$*UTF8*$!
{
	archiveVersion = 1;
	classes = {
	};
	objectVersion = 46;
	objects = {

/* Begin PBXBuildFile section */
		C36BD1B5223212F600B85144 /* AppDelegate.swift in Sources */ = {isa = PBXBuildFile; fileRef = C36BD1B4223212F600B85144 /* AppDelegate.swift */; };
		C36BD1B7223212F600B85144 /* ViewController.swift in Sources */ = {isa = PBXBuildFile; fileRef = C36BD1B6223212F600B85144 /* ViewController.swift */; };
		C36BD1BA223212F600B85144 /* Main.storyboard in Resources */ = {isa = PBXBuildFile; fileRef = C36BD1B8223212F600B85144 /* Main.storyboard */; };
		C36BD1BC223212F600B85144 /* Assets.xcassets in Resources */ = {isa = PBXBuildFile; fileRef = C36BD1BB223212F600B85144 /* Assets.xcassets */; };
		C36BD1BF223212F600B85144 /* LaunchScreen.storyboard in Resources */ = {isa = PBXBuildFile; fileRef = C36BD1BD223212F600B85144 /* LaunchScreen.storyboard */; };
/* End PBXBuildFile section */

/* Begin PBXFileReference section */
		C36BD1B1223212F600B85144 /* teste123.app */ = {isa = PBXFileReference; explicitFileType = wrapper.application; includeInIndex = 0; path = teste123.app; sourceTree = BUILT_PRODUCTS_DIR; };
		C36BD1B4223212F600B85144 /* AppDelegate.swift */ = {isa = PBXFileReference; lastKnownFileType = sourcecode.swift; path = AppDelegate.swift; sourceTree = "<group>"; };
		C36BD1B6223212F600B85144 /* ViewController.swift */ = {isa = PBXFileReference; lastKnownFileType = sourcecode.swift; path = ViewController.swift; sourceTree = "<group>"; };
		C36BD1B9223212F600B85144 /* Base */ = {isa = PBXFileReference; lastKnownFileType = file.storyboard; name = Base; path = Base.lproj/Main.storyboard; sourceTree = "<group>"; };
		C36BD1BB223212F600B85144 /* Assets.xcassets */ = {isa = PBXFileReference; lastKnownFileType = folder.assetcatalog; path = Assets.xcassets; sourceTree = "<group>"; };
		C36BD1BE223212F600B85144 /* Base */ = {isa = PBXFileReference; lastKnownFileType = file.storyboard; name = Base; path = Base.lproj/LaunchScreen.storyboard; sourceTree = "<group>"; };
		C36BD1C0223212F600B85144 /* Info.plist */ = {isa = PBXFileReference; lastKnownFileType = text.plist.xml; path = Info.plist; sourceTree = "<group>"; };
/* End PBXFileReference section */

/* Begin PBXFrameworksBuildPhase section */
		C36BD1AE223212F600B85144 /* Frameworks */ = {
			isa = PBXFrameworksBuildPhase;
			buildActionMask = 2147483647;
			files = (
			);
			runOnlyForDeploymentPostprocessing = 0;
		};
/* End PBXFrameworksBuildPhase section */

/* Begin PBXGroup section */
		C36BD1A8223212F600B85144 = {
			isa = PBXGroup;
			children = (
				C36BD1B3223212F600B85144 /* teste123 */,
				C36BD1B2223212F600B85144 /* Products */,
			);
			sourceTree = "<group>";
		};
		C36BD1B2223212F600B85144 /* Products */ = {
			isa = PBXGroup;
			children = (
				C36BD1B1223212F600B85144 /* teste123.app */,
			);
			name = Products;
			sourceTree = "<group>";
		};
		C36BD1B3223212F600B85144 /* teste123 */ = {
			isa = PBXGroup;
			children = (
				C36BD1B4223212F600B85144 /* AppDelegate.swift */,
				C36BD1B6223212F600B85144 /* ViewController.swift */,
				C36BD1B8223212F600B85144 /* Main.storyboard */,
				C36BD1BB223212F600B85144 /* Assets.xcassets */,
				C36BD1BD223212F600B85144 /* LaunchScreen.storyboard */,
				C36BD1C0223212F600B85144 /* Info.plist */,
			);
			path = teste123;
			sourceTree = "<group>";
		};
/* End PBXGroup section */

/* Begin PBXNativeTarget section */
		C36BD1B0223212F600B85144 /* teste123 */ = {
			isa = PBXNativeTarget;
			buildConfigurationList = C36BD1C3223212F600B85144 /* Build configuration list for PBXNativeTarget "teste123" */;
			buildPhases = (
				C36BD1AD223212F600B85144 /* Sources */,
				C36BD1AE223212F600B85144 /* Frameworks */,
				C36BD1AF223212F600B85144 /* Resources */,
			);
			buildRules = (
			);
			dependencies = (
			);
			name = teste123;
			productName = teste123;
			productReference = C36BD1B1223212F600B85144 /* teste123.app */;
			productType = "com.apple.product-type.application";
		};
/* End PBXNativeTarget section */

/* Begin PBXProject section */
		C36BD1A9223212F600B85144 /* Project object */ = {
			isa = PBXProject;
			attributes = {
				LastSwiftUpdateCheck = 0730;
				LastUpgradeCheck = 0730;
				ORGANIZATIONNAME = OutstandingInsights;
				TargetAttributes = {
					C36BD1B0223212F600B85144 = {
						CreatedOnToolsVersion = 7.3.1;
					};
				};
			};
			buildConfigurationList = C36BD1AC223212F600B85144 /* Build configuration list for PBXProject "teste123" */;
			compatibilityVersion = "Xcode 3.2";
			developmentRegion = English;
			hasScannedForEncodings = 0;
			knownRegions = (
				en,
				Base,
			);
			mainGroup = C36BD1A8223212F600B85144;
			productRefGroup = C36BD1B2223212F600B85144 /* Products */;
			projectDirPath = "";
			projectRoot = "";
			targets = (
				C36BD1B0223212F600B85144 /* teste123 */,
			);
		};
/* End PBXProject section */

/* Begin PBXResourcesBuildPhase section */
		C36BD1AF223212F600B85144 /* Resources */ = {
			isa = PBXResourcesBuildPhase;
			buildActionMask = 2147483647;
			files = (
				C36BD1BF223212F600B85144 /* LaunchScreen.storyboard in Resources */,
				C36BD1BC223212F600B85144 /* Assets.xcassets in Resources */,
				C36BD1BA223212F600B85144 /* Main.storyboard in Resources */,
			);
			runOnlyForDeploymentPostprocessing = 0;
		};
/* End PBXResourcesBuildPhase section */

/* Begin PBXSourcesBuildPhase section */
		C36BD1AD223212F600B85144 /* Sources */ = {
			isa = PBXSourcesBuildPhase;
			buildActionMask = 2147483647;
			files = (
				C36BD1B7223212F600B85144 /* ViewController.swift in Sources */,
				C36BD1B5223212F600B85144 /* AppDelegate.swift in Sources */,
			);
			runOnlyForDeploymentPostprocessing = 0;
		};
/* End PBXSourcesBuildPhase section */

/* Begin PBXVariantGroup section */
		C36BD1B8223212F600B85144 /* Main.storyboard */ = {
			isa = PBXVariantGroup;
			children = (
				C36BD1B9223212F600B85144 /* Base */,
			);
			name = Main.storyboard;
			sourceTree = "<group>";
		};
		C36BD1BD223212F600B85144 /* LaunchScreen.storyboard */ = {
			isa = PBXVariantGroup;
			children = (
				C36BD1BE223212F600B85144 /* Base */,
			);
			name = LaunchScreen.storyboard;
			sourceTree = "<group>";
		};
/* End PBXVariantGroup section */

/* Begin XCBuildConfiguration section */
		C36BD1C1223212F600B85144 /* Debug */ = {
			isa = XCBuildConfiguration;
			buildSettings = {
				ALWAYS_SEARCH_USER_PATHS = NO;
				CLANG_ANALYZER_NONNULL = YES;
				CLANG_CXX_LANGUAGE_STANDARD = "gnu++0x";
				CLANG_CXX_LIBRARY = "libc++";
				CLANG_ENABLE_MODULES = YES;
				CLANG_ENABLE_OBJC_ARC = YES;
				CLANG_WARN_BOOL_CONVERSION = YES;
				CLANG_WARN_CONSTANT_CONVERSION = YES;
				CLANG_WARN_DIRECT_OBJC_ISA_USAGE = YES_ERROR;
				CLANG_WARN_EMPTY_BODY = YES;
				CLANG_WARN_ENUM_CONVERSION = YES;
				CLANG_WARN_INT_CONVERSION = YES;
				CLANG_WARN_OBJC_ROOT_CLASS = YES_ERROR;
				CLANG_WARN_UNREACHABLE_CODE = YES;
				CLANG_WARN__DUPLICATE_METHOD_MATCH = YES;
				"CODE_SIGN_IDENTITY[sdk=iphoneos*]" = "iPhone Developer";
				COPY_PHASE_STRIP = NO;
				DEBUG_INFORMATION_FORMAT = dwarf;
				ENABLE_STRICT_OBJC_MSGSEND = YES;
				ENABLE_TESTABILITY = YES;
				GCC_C_LANGUAGE_STANDARD = gnu99;
				GCC_DYNAMIC_NO_PIC = NO;
				GCC_NO_COMMON_BLOCKS = YES;
				GCC_OPTIMIZATION_LEVEL = 0;
				GCC_PREPROCESSOR_DEFINITIONS = (
					"DEBUG=1",
					"$(inherited)",
				);
				GCC_WARN_64_TO_32_BIT_CONVERSION = YES;
				GCC_WARN_ABOUT_RETURN_TYPE = YES_ERROR;
				GCC_WARN_UNDECLARED_SELECTOR = YES;
				GCC_WARN_UNINITIALIZED_AUTOS = YES_AGGRESSIVE;
				GCC_WARN_UNUSED_FUNCTION = YES;
				GCC_WARN_UNUSED_VARIABLE = YES;
				IPHONEOS_DEPLOYMENT_TARGET = 9.3;
				MTL_ENABLE_DEBUG_INFO = YES;
				ONLY_ACTIVE_ARCH = YES;
				SDKROOT = iphoneos;
				SWIFT_OPTIMIZATION_LEVEL = "-Onone";
				TARGETED_DEVICE_FAMILY = "1,2";
			};
			name = Debug;
		};
		C36BD1C2223212F600B85144 /* Release */ = {
			isa = XCBuildConfiguration;
			buildSettings = {
				ALWAYS_SEARCH_USER_PATHS = NO;
				CLANG_ANALYZER_NONNULL = YES;
				CLANG_CXX_LANGUAGE_STANDARD = "gnu++0x";
				CLANG_CXX_LIBRARY = "libc++";
				CLANG_ENABLE_MODULES = YES;
				CLANG_ENABLE_OBJC_ARC = YES;
				CLANG_WARN_BOOL_CONVERSION = YES;
				CLANG_WARN_CONSTANT_CONVERSION = YES;
				CLANG_WARN_DIRECT_OBJC_ISA_USAGE = YES_ERROR;
				CLANG_WARN_EMPTY_BODY = YES;
				CLANG_WARN_ENUM_CONVERSION = YES;
				CLANG_WARN_INT_CONVERSION = YES;
				CLANG_WARN_OBJC_ROOT_CLASS = YES_ERROR;
				CLANG_WARN_UNREACHABLE_CODE = YES;
				CLANG_WARN__DUPLICATE_METHOD_MATCH = YES;
				"CODE_SIGN_IDENTITY[sdk=iphoneos*]" = "iPhone Developer";
				COPY_PHASE_STRIP = NO;
				DEBUG_INFORMATION_FORMAT = "dwarf-with-dsym";
				ENABLE_NS_ASSERTIONS = NO;
				ENABLE_STRICT_OBJC_MSGSEND = YES;
				GCC_C_LANGUAGE_STANDARD = gnu99;
				GCC_NO_COMMON_BLOCKS = YES;
				GCC_WARN_64_TO_32_BIT_CONVERSION = YES;
				GCC_WARN_ABOUT_RETURN_TYPE = YES_ERROR;
				GCC_WARN_UNDECLARED_SELECTOR = YES;
				GCC_WARN_UNINITIALIZED_AUTOS = YES_AGGRESSIVE;
				GCC_WARN_UNUSED_FUNCTION = YES;
				GCC_WARN_UNUSED_VARIABLE = YES;
				IPHONEOS_DEPLOYMENT_TARGET = 9.3;
				MTL_ENABLE_DEBUG_INFO = NO;
				SDKROOT = iphoneos;
				TARGETED_DEVICE_FAMILY = "1,2";
				VALIDATE_PRODUCT = YES;
			};
			name = Release;
		};
		C36BD1C4223212F600B85144 /* Debug */ = {
			isa = XCBuildConfiguration;
			buildSettings = {
				ASSETCATALOG_COMPILER_APPICON_NAME = AppIcon;
				INFOPLIST_FILE = teste123/Info.plist;
				LD_RUNPATH_SEARCH_PATHS = "$(inherited) @executable_path/Frameworks";
				PRODUCT_BUNDLE_IDENTIFIER = org.OutstandingInsights.teste123;
				PRODUCT_NAME = "$(TARGET_NAME)";
			};
			name = Debug;
		};
		C36BD1C5223212F600B85144 /* Release */ = {
			isa = XCBuildConfiguration;
			buildSettings = {
				ASSETCATALOG_COMPILER_APPICON_NAME = AppIcon;
				INFOPLIST_FILE = teste123/Info.plist;
				LD_RUNPATH_SEARCH_PATHS = "$(inherited) @executable_path/Frameworks";
				PRODUCT_BUNDLE_IDENTIFIER = org.OutstandingInsights.teste123;
				PRODUCT_NAME = "$(TARGET_NAME)";
			};
			name = Release;
		};
/* End XCBuildConfiguration section */

/* Begin XCConfigurationList section */
		C36BD1AC223212F600B85144 /* Build configuration list for PBXProject "teste123" */ = {
			isa = XCConfigurationList;
			buildConfigurations = (
				C36BD1C1223212F600B85144 /* Debug */,
				C36BD1C2223212F600B85144 /* Release */,
			);
			defaultConfigurationIsVisible = 0;
			defaultConfigurationName = Release;
		};
		C36BD1C3223212F600B85144 /* Build configuration list for PBXNativeTarget "teste123" */ = {
			isa = XCConfigurationList;
			buildConfigurations = (
				C36BD1C4223212F600B85144 /* Debug */,
				C36BD1C5223212F600B85144 /* Release */,
			);
			defaultConfigurationIsVisible = 0;
		};
/* End XCConfigurationList section */
	};
	rootObject = C36BD1A9223212F600B85144 /* Project object */;
}
